{
  "name": "vuminal",
  "version": "0.0.5",
  "lockfileVersion": 1,
  "requires": true,
  "dependencies": {
    "@vue/reactivity": {
      "version": "3.0.4",
      "resolved": "https://registry.npmjs.org/@vue/reactivity/-/reactivity-3.0.4.tgz",
      "integrity": "sha512-AFTABrLhUYZY2on3ea9FxeXal7w3f6qIp9gT+/oG93H7dFTL5LvVnxygCopv7tvkIl/GSGQb/yK1D1gmXx1Pww==",
      "requires": {
        "@vue/shared": "3.0.4"
      }
    },
    "@vue/runtime-core": {
      "version": "3.0.4",
      "resolved": "https://registry.npmjs.org/@vue/runtime-core/-/runtime-core-3.0.4.tgz",
      "integrity": "sha512-qH9e4kqU7b3u1JewvLmGmoAGY+mnuBqz7aEKb2mhpEgwa1yFv496BRuUfMXXMCix3+TndUVMJ8jt41FSdNppwg==",
      "requires": {
        "@vue/reactivity": "3.0.4",
        "@vue/shared": "3.0.4"
      }
    },
    "@vue/shared": {
      "version": "3.0.4",
      "resolved": "https://registry.npmjs.org/@vue/shared/-/shared-3.0.4.tgz",
      "integrity": "sha512-Swfbz31AaMX48CpFl+YmIrqOH9MgJMTrltG9e26A4ZxYx9LjGuMV+41WnxFzS3Bc9nbrc6sDPM37G6nIT8NJSg=="
    }
  }
}
